PODS:
  - SPKit (0.3.2):
    - SPKit/CALayer (= 0.3.2)
    - SPKit/CGRect (= 0.3.2)
    - SPKit/Core (= 0.3.2)
    - SPKit/Foundation (= 0.3.2)
    - SPKit/NSLayoutConstraint (= 0.3.2)
    - SPKit/UIApplication (= 0.3.2)
    - SPKit/UIBarButtonItem (= 0.3.2)
    - SPKit/UIButton (= 0.3.2)
    - SPKit/UICell (= 0.3.2)
    - SPKit/UIColor (= 0.3.2)
    - SPKit/UIControl (= 0.3.2)
    - SPKit/UIImage (= 0.3.2)
    - SPKit/UILabel (= 0.3.2)
    - SPKit/UIStoryboard (= 0.3.2)
    - SPKit/UITextField (= 0.3.2)
    - SPKit/UIView (= 0.3.2)
    - SPKit/UIViewController (= 0.3.2)
  - SPKit/CALayer (0.3.2)
  - SPKit/CGRect (0.3.2)
  - SPKit/Core (0.3.2)
  - SPKit/Foundation (0.3.2)
  - SPKit/NSLayoutConstraint (0.3.2)
  - SPKit/UIApplication (0.3.2)
  - SPKit/UIBarButtonItem (0.3.2)
  - SPKit/UIButton (0.3.2)
  - SPKit/UICell (0.3.2):
    - SPKit/Core
  - SPKit/UIColor (0.3.2)
  - SPKit/UIControl (0.3.2)
  - SPKit/UIImage (0.3.2):
    - SPKit/Core
  - SPKit/UILabel (0.3.2):
    - SPKit/Core
  - SPKit/UIStoryboard (0.3.2)
  - SPKit/UITextField (0.3.2)
  - SPKit/UIView (0.3.2):
    - SPKit/Core
  - SPKit/UIViewController (0.3.2):
    - SPKit/Core

DEPENDENCIES:
  - SPKit (from `../`)

EXTERNAL SOURCES:
  SPKit:
    :path: "../"

SPEC CHECKSUMS:
  SPKit: 2a76d07585a4d78c63c6e536ba8aed3e5be90a55

PODFILE CHECKSUM: 3713742fb6e52f9f154b5104bbb46708a0ed8408

COCOAPODS: 1.5.3
